
Microsoft Visual Studio Solution File, Format Version 12.00
# Visual Studio Version 16
VisualStudioVersion = 16.0.30413.136
MinimumVisualStudioVersion = 10.0.40219.1
Project("{2150E333-8FDC-42A3-9474-1A3956D46DE8}") = "src", "src", "{D8CBFAE1-3A2C-4C6D-B87E-5E57C921A438}"
EndProject
Project("{2150E333-8FDC-42A3-9474-1A3956D46DE8}") = "test", "test", "{2E9B3C45-D2CB-48A2-A92B-8288FF50DA10}"
EndProject
Project("{9A19103F-16F7-4668-BE54-9A1E7A4F7556}") = "FileService", "src\FileService\FileService.csproj", "{2A7AFBD9-04C6-48D2-A7A8-FCD44018A4EC}"
EndProject
Project("{9A19103F-16F7-4668-BE54-9A1E7A4F7556}") = "FileService.Broker", "src\FileService.Broker\FileService.Broker.csproj", "{258BF8A2-FD9C-47A6-A6F5-F71BA9085414}"
EndProject
Project("{9A19103F-16F7-4668-BE54-9A1E7A4F7556}") = "FileService.Broker.UnitTests", "test\FileService.Broker.UnitTests\FileService.Broker.UnitTests.csproj", "{B9FC1387-3776-46EE-A7DC-C68D9B87ECD7}"
EndProject
Project("{9A19103F-16F7-4668-BE54-9A1E7A4F7556}") = "FileService.Business", "src\FileService.Business\FileService.Business.csproj", "{D4634379-E1D5-4659-89C1-D1386DD6E011}"
EndProject
Project("{9A19103F-16F7-4668-BE54-9A1E7A4F7556}") = "FileService.Business.UnitTests", "test\FileService.Business.UnitTests\FileService.Business.UnitTests.csproj", "{4B5DAF58-B1BA-479A-BCF5-4B196F726E8F}"
EndProject
Project("{9A19103F-16F7-4668-BE54-9A1E7A4F7556}") = "FileService.Data", "src\FileService.Data\FileService.Data.csproj", "{D17658E4-136C-4093-A492-A72D27AE572D}"
EndProject
Project("{9A19103F-16F7-4668-BE54-9A1E7A4F7556}") = "FileService.Data.UnitTests", "test\FileService.Data.UnitTests\FileService.Data.UnitTests.csproj", "{0AC11FDB-B46A-44DF-BB8D-F379C651C34A}"
EndProject
Project("{9A19103F-16F7-4668-BE54-9A1E7A4F7556}") = "FileService.Validation", "src\FileService.Validation\FileService.Validation.csproj", "{B06B2CC5-8608-49B4-8A2F-07310A676958}"
EndProject
Project("{9A19103F-16F7-4668-BE54-9A1E7A4F7556}") = "FileService.Data.Provider", "src\FileService.Data.Provider\FileService.Data.Provider.csproj", "{129937CD-7BD0-461A-9DBF-D26792F0CD3E}"
EndProject
Project("{9A19103F-16F7-4668-BE54-9A1E7A4F7556}") = "FileService.Data.Provider.MsSql.Ef", "src\FileService.Data.Provider.MsSql.EF\FileService.Data.Provider.MsSql.Ef.csproj", "{BB933282-76AF-48B7-8CE8-A593CAD6AF25}"
EndProject
Project("{9A19103F-16F7-4668-BE54-9A1E7A4F7556}") = "FileService.Models.Db", "src\FileService.Models.Db\FileService.Models.Db.csproj", "{09A3069F-045D-45D6-A2D2-A0897629E7E0}"
EndProject
Project("{9A19103F-16F7-4668-BE54-9A1E7A4F7556}") = "FileService.Models.Dto", "src\FileService.Models.Dto\FileService.Models.Dto.csproj", "{53302679-65B8-4D4A-8403-C7A00DBC637E}"
EndProject
Project("{9A19103F-16F7-4668-BE54-9A1E7A4F7556}") = "FileService.Mappers", "src\FileService.Mappers\FileService.Mappers.csproj", "{8D74CA0E-100C-4A2F-9372-BBFEB08ADC50}"
EndProject
Project("{FAE04EC0-301F-11D3-BF4B-00C04F79EFBC}") = "FileService.Validation.UnitTests", "test\FileService.Validation.UnitTests\FileService.Validation.UnitTests.csproj", "{CB283C99-45E2-4477-B488-C8F91A392DE0}"
EndProject
Project("{FAE04EC0-301F-11D3-BF4B-00C04F79EFBC}") = "FileService.Mappers.UnitTests", "test\FileService.Mappers.UnitTests\FileService.Mappers.UnitTests.csproj", "{3B0BB63E-4256-4A5A-B81E-2B33233B44CF}"
EndProject
Project("{2150E333-8FDC-42A3-9474-1A3956D46DE8}") = "Solution Items", "Solution Items", "{96807326-34FC-45B2-B631-4B8F639164FD}"
	ProjectSection(SolutionItems) = preProject
		.gitignore = .gitignore
		Common.Configurations.targets = Common.Configurations.targets
	EndProjectSection
EndProject
Global
	GlobalSection(SolutionConfigurationPlatforms) = preSolution
		Debug|Any CPU = Debug|Any CPU
		Release|Any CPU = Release|Any CPU
	EndGlobalSection
	GlobalSection(ProjectConfigurationPlatforms) = postSolution
		{2A7AFBD9-04C6-48D2-A7A8-FCD44018A4EC}.Debug|Any CPU.ActiveCfg = Debug|Any CPU
		{2A7AFBD9-04C6-48D2-A7A8-FCD44018A4EC}.Debug|Any CPU.Build.0 = Debug|Any CPU
		{2A7AFBD9-04C6-48D2-A7A8-FCD44018A4EC}.Release|Any CPU.ActiveCfg = Release|Any CPU
		{2A7AFBD9-04C6-48D2-A7A8-FCD44018A4EC}.Release|Any CPU.Build.0 = Release|Any CPU
		{258BF8A2-FD9C-47A6-A6F5-F71BA9085414}.Debug|Any CPU.ActiveCfg = Debug|Any CPU
		{258BF8A2-FD9C-47A6-A6F5-F71BA9085414}.Debug|Any CPU.Build.0 = Debug|Any CPU
		{258BF8A2-FD9C-47A6-A6F5-F71BA9085414}.Release|Any CPU.ActiveCfg = Release|Any CPU
		{258BF8A2-FD9C-47A6-A6F5-F71BA9085414}.Release|Any CPU.Build.0 = Release|Any CPU
		{B9FC1387-3776-46EE-A7DC-C68D9B87ECD7}.Debug|Any CPU.ActiveCfg = Debug|Any CPU
		{B9FC1387-3776-46EE-A7DC-C68D9B87ECD7}.Debug|Any CPU.Build.0 = Debug|Any CPU
		{B9FC1387-3776-46EE-A7DC-C68D9B87ECD7}.Release|Any CPU.ActiveCfg = Release|Any CPU
		{B9FC1387-3776-46EE-A7DC-C68D9B87ECD7}.Release|Any CPU.Build.0 = Release|Any CPU
		{D4634379-E1D5-4659-89C1-D1386DD6E011}.Debug|Any CPU.ActiveCfg = Debug|Any CPU
		{D4634379-E1D5-4659-89C1-D1386DD6E011}.Debug|Any CPU.Build.0 = Debug|Any CPU
		{D4634379-E1D5-4659-89C1-D1386DD6E011}.Release|Any CPU.ActiveCfg = Release|Any CPU
		{D4634379-E1D5-4659-89C1-D1386DD6E011}.Release|Any CPU.Build.0 = Release|Any CPU
		{4B5DAF58-B1BA-479A-BCF5-4B196F726E8F}.Debug|Any CPU.ActiveCfg = Debug|Any CPU
		{4B5DAF58-B1BA-479A-BCF5-4B196F726E8F}.Debug|Any CPU.Build.0 = Debug|Any CPU
		{4B5DAF58-B1BA-479A-BCF5-4B196F726E8F}.Release|Any CPU.ActiveCfg = Release|Any CPU
		{4B5DAF58-B1BA-479A-BCF5-4B196F726E8F}.Release|Any CPU.Build.0 = Release|Any CPU
		{D17658E4-136C-4093-A492-A72D27AE572D}.Debug|Any CPU.ActiveCfg = Debug|Any CPU
		{D17658E4-136C-4093-A492-A72D27AE572D}.Debug|Any CPU.Build.0 = Debug|Any CPU
		{D17658E4-136C-4093-A492-A72D27AE572D}.Release|Any CPU.ActiveCfg = Release|Any CPU
		{D17658E4-136C-4093-A492-A72D27AE572D}.Release|Any CPU.Build.0 = Release|Any CPU
		{0AC11FDB-B46A-44DF-BB8D-F379C651C34A}.Debug|Any CPU.ActiveCfg = Debug|Any CPU
		{0AC11FDB-B46A-44DF-BB8D-F379C651C34A}.Debug|Any CPU.Build.0 = Debug|Any CPU
		{0AC11FDB-B46A-44DF-BB8D-F379C651C34A}.Release|Any CPU.ActiveCfg = Release|Any CPU
		{0AC11FDB-B46A-44DF-BB8D-F379C651C34A}.Release|Any CPU.Build.0 = Release|Any CPU
		{B06B2CC5-8608-49B4-8A2F-07310A676958}.Debug|Any CPU.ActiveCfg = Debug|Any CPU
		{B06B2CC5-8608-49B4-8A2F-07310A676958}.Debug|Any CPU.Build.0 = Debug|Any CPU
		{B06B2CC5-8608-49B4-8A2F-07310A676958}.Release|Any CPU.ActiveCfg = Release|Any CPU
		{B06B2CC5-8608-49B4-8A2F-07310A676958}.Release|Any CPU.Build.0 = Release|Any CPU
		{129937CD-7BD0-461A-9DBF-D26792F0CD3E}.Debug|Any CPU.ActiveCfg = Debug|Any CPU
		{129937CD-7BD0-461A-9DBF-D26792F0CD3E}.Debug|Any CPU.Build.0 = Debug|Any CPU
		{129937CD-7BD0-461A-9DBF-D26792F0CD3E}.Release|Any CPU.ActiveCfg = Release|Any CPU
		{129937CD-7BD0-461A-9DBF-D26792F0CD3E}.Release|Any CPU.Build.0 = Release|Any CPU
		{BB933282-76AF-48B7-8CE8-A593CAD6AF25}.Debug|Any CPU.ActiveCfg = Debug|Any CPU
		{BB933282-76AF-48B7-8CE8-A593CAD6AF25}.Debug|Any CPU.Build.0 = Debug|Any CPU
		{BB933282-76AF-48B7-8CE8-A593CAD6AF25}.Release|Any CPU.ActiveCfg = Release|Any CPU
		{BB933282-76AF-48B7-8CE8-A593CAD6AF25}.Release|Any CPU.Build.0 = Release|Any CPU
		{09A3069F-045D-45D6-A2D2-A0897629E7E0}.Debug|Any CPU.ActiveCfg = Debug|Any CPU
		{09A3069F-045D-45D6-A2D2-A0897629E7E0}.Debug|Any CPU.Build.0 = Debug|Any CPU
		{09A3069F-045D-45D6-A2D2-A0897629E7E0}.Release|Any CPU.ActiveCfg = Release|Any CPU
		{09A3069F-045D-45D6-A2D2-A0897629E7E0}.Release|Any CPU.Build.0 = Release|Any CPU
		{53302679-65B8-4D4A-8403-C7A00DBC637E}.Debug|Any CPU.ActiveCfg = Debug|Any CPU
		{53302679-65B8-4D4A-8403-C7A00DBC637E}.Debug|Any CPU.Build.0 = Debug|Any CPU
		{53302679-65B8-4D4A-8403-C7A00DBC637E}.Release|Any CPU.ActiveCfg = Release|Any CPU
		{53302679-65B8-4D4A-8403-C7A00DBC637E}.Release|Any CPU.Build.0 = Release|Any CPU
		{8D74CA0E-100C-4A2F-9372-BBFEB08ADC50}.Debug|Any CPU.ActiveCfg = Debug|Any CPU
		{8D74CA0E-100C-4A2F-9372-BBFEB08ADC50}.Debug|Any CPU.Build.0 = Debug|Any CPU
		{8D74CA0E-100C-4A2F-9372-BBFEB08ADC50}.Release|Any CPU.ActiveCfg = Release|Any CPU
		{8D74CA0E-100C-4A2F-9372-BBFEB08ADC50}.Release|Any CPU.Build.0 = Release|Any CPU
		{CB283C99-45E2-4477-B488-C8F91A392DE0}.Debug|Any CPU.ActiveCfg = Debug|Any CPU
		{CB283C99-45E2-4477-B488-C8F91A392DE0}.Debug|Any CPU.Build.0 = Debug|Any CPU
		{CB283C99-45E2-4477-B488-C8F91A392DE0}.Release|Any CPU.ActiveCfg = Release|Any CPU
		{CB283C99-45E2-4477-B488-C8F91A392DE0}.Release|Any CPU.Build.0 = Release|Any CPU
		{3B0BB63E-4256-4A5A-B81E-2B33233B44CF}.Debug|Any CPU.ActiveCfg = Debug|Any CPU
		{3B0BB63E-4256-4A5A-B81E-2B33233B44CF}.Debug|Any CPU.Build.0 = Debug|Any CPU
		{3B0BB63E-4256-4A5A-B81E-2B33233B44CF}.Release|Any CPU.ActiveCfg = Release|Any CPU
		{3B0BB63E-4256-4A5A-B81E-2B33233B44CF}.Release|Any CPU.Build.0 = Release|Any CPU
	EndGlobalSection
	GlobalSection(SolutionProperties) = preSolution
		HideSolutionNode = FALSE
	EndGlobalSection
	GlobalSection(NestedProjects) = preSolution
		{2A7AFBD9-04C6-48D2-A7A8-FCD44018A4EC} = {D8CBFAE1-3A2C-4C6D-B87E-5E57C921A438}
		{258BF8A2-FD9C-47A6-A6F5-F71BA9085414} = {D8CBFAE1-3A2C-4C6D-B87E-5E57C921A438}
		{B9FC1387-3776-46EE-A7DC-C68D9B87ECD7} = {2E9B3C45-D2CB-48A2-A92B-8288FF50DA10}
		{D4634379-E1D5-4659-89C1-D1386DD6E011} = {D8CBFAE1-3A2C-4C6D-B87E-5E57C921A438}
		{4B5DAF58-B1BA-479A-BCF5-4B196F726E8F} = {2E9B3C45-D2CB-48A2-A92B-8288FF50DA10}
		{D17658E4-136C-4093-A492-A72D27AE572D} = {D8CBFAE1-3A2C-4C6D-B87E-5E57C921A438}
		{0AC11FDB-B46A-44DF-BB8D-F379C651C34A} = {2E9B3C45-D2CB-48A2-A92B-8288FF50DA10}
		{B06B2CC5-8608-49B4-8A2F-07310A676958} = {D8CBFAE1-3A2C-4C6D-B87E-5E57C921A438}
		{129937CD-7BD0-461A-9DBF-D26792F0CD3E} = {D8CBFAE1-3A2C-4C6D-B87E-5E57C921A438}
		{BB933282-76AF-48B7-8CE8-A593CAD6AF25} = {D8CBFAE1-3A2C-4C6D-B87E-5E57C921A438}
		{09A3069F-045D-45D6-A2D2-A0897629E7E0} = {D8CBFAE1-3A2C-4C6D-B87E-5E57C921A438}
		{53302679-65B8-4D4A-8403-C7A00DBC637E} = {D8CBFAE1-3A2C-4C6D-B87E-5E57C921A438}
		{8D74CA0E-100C-4A2F-9372-BBFEB08ADC50} = {D8CBFAE1-3A2C-4C6D-B87E-5E57C921A438}
		{CB283C99-45E2-4477-B488-C8F91A392DE0} = {2E9B3C45-D2CB-48A2-A92B-8288FF50DA10}
		{3B0BB63E-4256-4A5A-B81E-2B33233B44CF} = {2E9B3C45-D2CB-48A2-A92B-8288FF50DA10}
	EndGlobalSection
	GlobalSection(ExtensibilityGlobals) = postSolution
		SolutionGuid = {9E55E6C4-D501-490B-ADC8-A7078713E49D}
	EndGlobalSection
EndGlobal
